{
  "name": "jira-sqlizer",
  "version": "0.0.1",
  "lockfileVersion": 2,
  "requires": true,
  "packages": {
    "": {
      "version": "0.0.1",
      "license": "MIT",
      "dependencies": {
        "@prisma/client": "^4.15.0",
        "dotenv": "^16.3.1",
        "jira.js": "^2.19.0",
        "prisma": "^4.15.0"
      }
    },
    "node_modules/@prisma/client": {
      "version": "4.15.0",
      "resolved": "https://registry.npmjs.org/@prisma/client/-/client-4.15.0.tgz",
      "integrity": "sha512-xnROvyABcGiwqRNdrObHVZkD9EjkJYHOmVdlKy1yGgI+XOzvMzJ4tRg3dz1pUlsyhKxXGCnjIQjWW+2ur+YXuw==",
      "hasInstallScript": true,
      "dependencies": {
        "@prisma/engines-version": "4.15.0-28.8fbc245156db7124f997f4cecdd8d1219e360944"
      },
      "engines": {
        "node": ">=14.17"
      },
      "peerDependencies": {
        "prisma": "*"
      },
      "peerDependenciesMeta": {
        "prisma": {
          "optional": true
        }
      }
    },
    "node_modules/@prisma/engines": {
      "version": "4.15.0",
      "resolved": "https://registry.npmjs.org/@prisma/engines/-/engines-4.15.0.tgz",
      "integrity": "sha512-FTaOCGs0LL0OW68juZlGxFtYviZa4xdQj/rQEdat2txw0s3Vu/saAPKjNVXfIgUsGXmQ72HPgNr6935/P8FNAA==",
      "hasInstallScript": true
    },
    "node_modules/@prisma/engines-version": {
      "version": "4.15.0-28.8fbc245156db7124f997f4cecdd8d1219e360944",
      "resolved": "https://registry.npmjs.org/@prisma/engines-version/-/engines-version-4.15.0-28.8fbc245156db7124f997f4cecdd8d1219e360944.tgz",
      "integrity": "sha512-sVOig4tjGxxlYaFcXgE71f/rtFhzyYrfyfNFUsxCIEJyVKU9rdOWIlIwQ2NQ7PntvGnn+x0XuFo4OC1jvPJKzg=="
    },
    "node_modules/asynckit": {
      "version": "0.4.0",
      "resolved": "https://registry.npmjs.org/asynckit/-/asynckit-0.4.0.tgz",
      "integrity": "sha512-Oei9OH4tRh0YqU3GxhX79dM/mwVgvbZJaSNaRk+bshkj0S5cfHcgYakreBjrHwatXKbz+IoIdYLxrKim2MjW0Q=="
    },
    "node_modules/atlassian-jwt": {
      "version": "2.0.2",
      "resolved": "https://registry.npmjs.org/atlassian-jwt/-/atlassian-jwt-2.0.2.tgz",
      "integrity": "sha512-HgG2p+gJeEqKREnPynEDy76UoShF01jTYMSe0NlRL2rEqXBNDzJiiCyUP7P2cbxcRmI4OC8g40zJjqftFNJ/4A==",
      "dependencies": {
        "jsuri": "^1.3.1",
        "lodash": "^4.17.21"
      },
      "engines": {
        "node": ">= 0.4.0"
      }
    },
    "node_modules/axios": {
      "version": "1.4.0",
      "resolved": "https://registry.npmjs.org/axios/-/axios-1.4.0.tgz",
      "integrity": "sha512-S4XCWMEmzvo64T9GfvQDOXgYRDJ/wsSZc7Jvdgx5u1sd0JwsuPLqb3SYmusag+edF6ziyMensPVqLTSc1PiSEA==",
      "dependencies": {
        "follow-redirects": "^1.15.0",
        "form-data": "^4.0.0",
        "proxy-from-env": "^1.1.0"
      }
    },
    "node_modules/combined-stream": {
      "version": "1.0.8",
      "resolved": "https://registry.npmjs.org/combined-stream/-/combined-stream-1.0.8.tgz",
      "integrity": "sha512-FQN4MRfuJeHf7cBbBMJFXhKSDq+2kAArBlmRBvcvFE5BB1HZKXtSFASDhdlz9zOYwxh8lDdnvmMOe/+5cdoEdg==",
      "dependencies": {
        "delayed-stream": "~1.0.0"
      },
      "engines": {
        "node": ">= 0.8"
      }
    },
    "node_modules/delayed-stream": {
      "version": "1.0.0",
      "resolved": "https://registry.npmjs.org/delayed-stream/-/delayed-stream-1.0.0.tgz",
      "integrity": "sha512-ZySD7Nf91aLB0RxL4KGrKHBXl7Eds1DAmEdcoVawXnLD7SDhpNgtuII2aAkg7a7QS41jxPSZ17p4VdGnMHk3MQ==",
      "engines": {
        "node": ">=0.4.0"
      }
    },
    "node_modules/dotenv": {
      "version": "16.3.1",
      "resolved": "https://registry.npmjs.org/dotenv/-/dotenv-16.3.1.tgz",
      "integrity": "sha512-IPzF4w4/Rd94bA9imS68tZBaYyBWSCE47V1RGuMrB94iyTOIEwRmVL2x/4An+6mETpLrKJ5hQkB8W4kFAadeIQ==",
      "engines": {
        "node": ">=12"
      },
      "funding": {
        "url": "https://github.com/motdotla/dotenv?sponsor=1"
      }
    },
    "node_modules/follow-redirects": {
      "version": "1.15.2",
      "resolved": "https://registry.npmjs.org/follow-redirects/-/follow-redirects-1.15.2.tgz",
      "integrity": "sha512-VQLG33o04KaQ8uYi2tVNbdrWp1QWxNNea+nmIB4EVM28v0hmP17z7aG1+wAkNzVq4KeXTq3221ye5qTJP91JwA==",
      "funding": [
        {
          "type": "individual",
          "url": "https://github.com/sponsors/RubenVerborgh"
        }
      ],
      "engines": {
        "node": ">=4.0"
      },
      "peerDependenciesMeta": {
        "debug": {
          "optional": true
        }
      }
    },
    "node_modules/form-data": {
      "version": "4.0.0",
      "resolved": "https://registry.npmjs.org/form-data/-/form-data-4.0.0.tgz",
      "integrity": "sha512-ETEklSGi5t0QMZuiXoA/Q6vcnxcLQP5vdugSpuAyi6SVGi2clPPp+xgEhuMaHC+zGgn31Kd235W35f7Hykkaww==",
      "dependencies": {
        "asynckit": "^0.4.0",
        "combined-stream": "^1.0.8",
        "mime-types": "^2.1.12"
      },
      "engines": {
        "node": ">= 6"
      }
    },
    "node_modules/jira.js": {
      "version": "2.19.0",
      "resolved": "https://registry.npmjs.org/jira.js/-/jira.js-2.19.0.tgz",
      "integrity": "sha512-c7LlUtKDMJpIz7i/oacx72IADPEdgZj80SA2xAwiggPbe0R6m6TeYNZzf5rS4TPlqtbkXnS7Qqy+CqsjdayXSg==",
      "dependencies": {
        "atlassian-jwt": "^2.0.2",
        "axios": "^1.4.0",
        "form-data": "^4.0.0",
        "oauth": "^0.10.0",
        "tslib": "^2.5.3"
      }
    },
    "node_modules/jsuri": {
      "version": "1.3.1",
      "resolved": "https://registry.npmjs.org/jsuri/-/jsuri-1.3.1.tgz",
      "integrity": "sha512-LLdAeqOf88/X0hylAI7oSir6QUsz/8kOW0FcJzzu/SJRfORA/oPHycAOthkNp7eLPlTAbqVDFbqNRHkRVzEA3g==",
      "engines": {
        "node": "*"
      }
    },
    "node_modules/lodash": {
      "version": "4.17.21",
      "resolved": "https://registry.npmjs.org/lodash/-/lodash-4.17.21.tgz",
      "integrity": "sha512-v2kDEe57lecTulaDIuNTPy3Ry4gLGJ6Z1O3vE1krgXZNrsQ+LFTGHVxVjcXPs17LhbZVGedAJv8XZ1tvj5FvSg=="
    },
    "node_modules/mime-db": {
      "version": "1.52.0",
      "resolved": "https://registry.npmjs.org/mime-db/-/mime-db-1.52.0.tgz",
      "integrity": "sha512-sPU4uV7dYlvtWJxwwxHD0PuihVNiE7TyAbQ5SWxDCB9mUYvOgroQOwYQQOKPJ8CIbE+1ETVlOoK1UC2nU3gYvg==",
      "engines": {
        "node": ">= 0.6"
      }
    },
    "node_modules/mime-types": {
      "version": "2.1.35",
      "resolved": "https://registry.npmjs.org/mime-types/-/mime-types-2.1.35.tgz",
      "integrity": "sha512-ZDY+bPm5zTTF+YpCrAU9nK0UgICYPT0QtT1NZWFv4s++TNkcgVaT0g6+4R2uI4MjQjzysHB1zxuWL50hzaeXiw==",
      "dependencies": {
        "mime-db": "1.52.0"
      },
      "engines": {
        "node": ">= 0.6"
      }
    },
    "node_modules/oauth": {
      "version": "0.10.0",
      "resolved": "https://registry.npmjs.org/oauth/-/oauth-0.10.0.tgz",
      "integrity": "sha512-1orQ9MT1vHFGQxhuy7E/0gECD3fd2fCC+PIX+/jgmU/gI3EpRocXtmtvxCO5x3WZ443FLTLFWNDjl5MPJf9u+Q=="
    },
    "node_modules/prisma": {
      "version": "4.15.0",
      "resolved": "https://registry.npmjs.org/prisma/-/prisma-4.15.0.tgz",
      "integrity": "sha512-iKZZpobPl48gTcSZVawLMQ3lEy6BnXwtoMj7hluoGFYu2kQ6F9LBuBrUyF95zRVnNo8/3KzLXJXJ5TEnLSJFiA==",
      "hasInstallScript": true,
      "dependencies": {
        "@prisma/engines": "4.15.0"
      },
      "bin": {
        "prisma": "build/index.js",
        "prisma2": "build/index.js"
      },
      "engines": {
        "node": ">=14.17"
      }
    },
    "node_modules/proxy-from-env": {
      "version": "1.1.0",
      "resolved": "https://registry.npmjs.org/proxy-from-env/-/proxy-from-env-1.1.0.tgz",
      "integrity": "sha512-D+zkORCbA9f1tdWRK0RaCR3GPv50cMxcrz4X8k5LTSUD1Dkw47mKJEZQNunItRTkWwgtaUSo1RVFRIG9ZXiFYg=="
    },
    "node_modules/tslib": {
      "version": "2.5.3",
      "resolved": "https://registry.npmjs.org/tslib/-/tslib-2.5.3.tgz",
      "integrity": "sha512-mSxlJJwl3BMEQCUNnxXBU9jP4JBktcEGhURcPR6VQVlnP0FdDEsIaz0C35dXNGLyRfrATNofF0F5p2KPxQgB+w=="
    }
  },
  "dependencies": {
    "@prisma/client": {
      "version": "4.15.0",
      "resolved": "https://registry.npmjs.org/@prisma/client/-/client-4.15.0.tgz",
      "integrity": "sha512-xnROvyABcGiwqRNdrObHVZkD9EjkJYHOmVdlKy1yGgI+XOzvMzJ4tRg3dz1pUlsyhKxXGCnjIQjWW+2ur+YXuw==",
      "requires": {
        "@prisma/engines-version": "4.15.0-28.8fbc245156db7124f997f4cecdd8d1219e360944"
      }
    },
    "@prisma/engines": {
      "version": "4.15.0",
      "resolved": "https://registry.npmjs.org/@prisma/engines/-/engines-4.15.0.tgz",
      "integrity": "sha512-FTaOCGs0LL0OW68juZlGxFtYviZa4xdQj/rQEdat2txw0s3Vu/saAPKjNVXfIgUsGXmQ72HPgNr6935/P8FNAA=="
    },
    "@prisma/engines-version": {
      "version": "4.15.0-28.8fbc245156db7124f997f4cecdd8d1219e360944",
      "resolved": "https://registry.npmjs.org/@prisma/engines-version/-/engines-version-4.15.0-28.8fbc245156db7124f997f4cecdd8d1219e360944.tgz",
      "integrity": "sha512-sVOig4tjGxxlYaFcXgE71f/rtFhzyYrfyfNFUsxCIEJyVKU9rdOWIlIwQ2NQ7PntvGnn+x0XuFo4OC1jvPJKzg=="
    },
    "asynckit": {
      "version": "0.4.0",
      "resolved": "https://registry.npmjs.org/asynckit/-/asynckit-0.4.0.tgz",
      "integrity": "sha512-Oei9OH4tRh0YqU3GxhX79dM/mwVgvbZJaSNaRk+bshkj0S5cfHcgYakreBjrHwatXKbz+IoIdYLxrKim2MjW0Q=="
    },
    "atlassian-jwt": {
      "version": "2.0.2",
      "resolved": "https://registry.npmjs.org/atlassian-jwt/-/atlassian-jwt-2.0.2.tgz",
      "integrity": "sha512-HgG2p+gJeEqKREnPynEDy76UoShF01jTYMSe0NlRL2rEqXBNDzJiiCyUP7P2cbxcRmI4OC8g40zJjqftFNJ/4A==",
      "requires": {
        "jsuri": "^1.3.1",
        "lodash": "^4.17.21"
      }
    },
    "axios": {
      "version": "1.4.0",
      "resolved": "https://registry.npmjs.org/axios/-/axios-1.4.0.tgz",
      "integrity": "sha512-S4XCWMEmzvo64T9GfvQDOXgYRDJ/wsSZc7Jvdgx5u1sd0JwsuPLqb3SYmusag+edF6ziyMensPVqLTSc1PiSEA==",
      "requires": {
        "follow-redirects": "^1.15.0",
        "form-data": "^4.0.0",
        "proxy-from-env": "^1.1.0"
      }
    },
    "combined-stream": {
      "version": "1.0.8",
      "resolved": "https://registry.npmjs.org/combined-stream/-/combined-stream-1.0.8.tgz",
      "integrity": "sha512-FQN4MRfuJeHf7cBbBMJFXhKSDq+2kAArBlmRBvcvFE5BB1HZKXtSFASDhdlz9zOYwxh8lDdnvmMOe/+5cdoEdg==",
      "requires": {
        "delayed-stream": "~1.0.0"
      }
    },
    "delayed-stream": {
      "version": "1.0.0",
      "resolved": "https://registry.npmjs.org/delayed-stream/-/delayed-stream-1.0.0.tgz",
      "integrity": "sha512-ZySD7Nf91aLB0RxL4KGrKHBXl7Eds1DAmEdcoVawXnLD7SDhpNgtuII2aAkg7a7QS41jxPSZ17p4VdGnMHk3MQ=="
    },
    "dotenv": {
      "version": "16.3.1",
      "resolved": "https://registry.npmjs.org/dotenv/-/dotenv-16.3.1.tgz",
      "integrity": "sha512-IPzF4w4/Rd94bA9imS68tZBaYyBWSCE47V1RGuMrB94iyTOIEwRmVL2x/4An+6mETpLrKJ5hQkB8W4kFAadeIQ=="
    },
    "follow-redirects": {
      "version": "1.15.2",
      "resolved": "https://registry.npmjs.org/follow-redirects/-/follow-redirects-1.15.2.tgz",
      "integrity": "sha512-VQLG33o04KaQ8uYi2tVNbdrWp1QWxNNea+nmIB4EVM28v0hmP17z7aG1+wAkNzVq4KeXTq3221ye5qTJP91JwA=="
    },
    "form-data": {
      "version": "4.0.0",
      "resolved": "https://registry.npmjs.org/form-data/-/form-data-4.0.0.tgz",
      "integrity": "sha512-ETEklSGi5t0QMZuiXoA/Q6vcnxcLQP5vdugSpuAyi6SVGi2clPPp+xgEhuMaHC+zGgn31Kd235W35f7Hykkaww==",
      "requires": {
        "asynckit": "^0.4.0",
        "combined-stream": "^1.0.8",
        "mime-types": "^2.1.12"
      }
    },
    "jira.js": {
      "version": "2.19.0",
      "resolved": "https://registry.npmjs.org/jira.js/-/jira.js-2.19.0.tgz",
      "integrity": "sha512-c7LlUtKDMJpIz7i/oacx72IADPEdgZj80SA2xAwiggPbe0R6m6TeYNZzf5rS4TPlqtbkXnS7Qqy+CqsjdayXSg==",
      "requires": {
        "atlassian-jwt": "^2.0.2",
        "axios": "^1.4.0",
        "form-data": "^4.0.0",
        "oauth": "^0.10.0",
        "tslib": "^2.5.3"
      }
    },
    "jsuri": {
      "version": "1.3.1",
      "resolved": "https://registry.npmjs.org/jsuri/-/jsuri-1.3.1.tgz",
      "integrity": "sha512-LLdAeqOf88/X0hylAI7oSir6QUsz/8kOW0FcJzzu/SJRfORA/oPHycAOthkNp7eLPlTAbqVDFbqNRHkRVzEA3g=="
    },
    "lodash": {
      "version": "4.17.21",
      "resolved": "https://registry.npmjs.org/lodash/-/lodash-4.17.21.tgz",
      "integrity": "sha512-v2kDEe57lecTulaDIuNTPy3Ry4gLGJ6Z1O3vE1krgXZNrsQ+LFTGHVxVjcXPs17LhbZVGedAJv8XZ1tvj5FvSg=="
    },
    "mime-db": {
      "version": "1.52.0",
      "resolved": "https://registry.npmjs.org/mime-db/-/mime-db-1.52.0.tgz",
      "integrity": "sha512-sPU4uV7dYlvtWJxwwxHD0PuihVNiE7TyAbQ5SWxDCB9mUYvOgroQOwYQQOKPJ8CIbE+1ETVlOoK1UC2nU3gYvg=="
    },
    "mime-types": {
      "version": "2.1.35",
      "resolved": "https://registry.npmjs.org/mime-types/-/mime-types-2.1.35.tgz",
      "integrity": "sha512-ZDY+bPm5zTTF+YpCrAU9nK0UgICYPT0QtT1NZWFv4s++TNkcgVaT0g6+4R2uI4MjQjzysHB1zxuWL50hzaeXiw==",
      "requires": {
        "mime-db": "1.52.0"
      }
    },
    "oauth": {
      "version": "0.10.0",
      "resolved": "https://registry.npmjs.org/oauth/-/oauth-0.10.0.tgz",
      "integrity": "sha512-1orQ9MT1vHFGQxhuy7E/0gECD3fd2fCC+PIX+/jgmU/gI3EpRocXtmtvxCO5x3WZ443FLTLFWNDjl5MPJf9u+Q=="
    },
    "prisma": {
      "version": "4.15.0",
      "resolved": "https://registry.npmjs.org/prisma/-/prisma-4.15.0.tgz",
      "integrity": "sha512-iKZZpobPl48gTcSZVawLMQ3lEy6BnXwtoMj7hluoGFYu2kQ6F9LBuBrUyF95zRVnNo8/3KzLXJXJ5TEnLSJFiA==",
      "requires": {
        "@prisma/engines": "4.15.0"
      }
    },
    "proxy-from-env": {
      "version": "1.1.0",
      "resolved": "https://registry.npmjs.org/proxy-from-env/-/proxy-from-env-1.1.0.tgz",
      "integrity": "sha512-D+zkORCbA9f1tdWRK0RaCR3GPv50cMxcrz4X8k5LTSUD1Dkw47mKJEZQNunItRTkWwgtaUSo1RVFRIG9ZXiFYg=="
    },
    "tslib": {
      "version": "2.5.3",
      "resolved": "https://registry.npmjs.org/tslib/-/tslib-2.5.3.tgz",
      "integrity": "sha512-mSxlJJwl3BMEQCUNnxXBU9jP4JBktcEGhURcPR6VQVlnP0FdDEsIaz0C35dXNGLyRfrATNofF0F5p2KPxQgB+w=="
    }
  }
}
